
Microsoft Visual Studio Solution File, Format Version 12.00
# Visual Studio Version 17
VisualStudioVersion = 17.11.35222.181
MinimumVisualStudioVersion = 10.0.40219.1
Project("{FAE04EC0-301F-11D3-BF4B-00C04F79EFBC}") = "LAB5", "LAB5\LAB5.csproj", "{81671599-38C2-4CD0-AA04-18CF3A1E84A5}"
EndProject
Global
	GlobalSection(SolutionConfigurationPlatforms) = preSolution
		Debug|Any CPU = Debug|Any CPU
		Release|Any CPU = Release|Any CPU
	EndGlobalSection
	GlobalSection(ProjectConfigurationPlatforms) = postSolution
		{81671599-38C2-4CD0-AA04-18CF3A1E84A5}.Debug|Any CPU.ActiveCfg = Debug|Any CPU
		{81671599-38C2-4CD0-AA04-18CF3A1E84A5}.Debug|Any CPU.Build.0 = Debug|Any CPU
		{81671599-38C2-4CD0-AA04-18CF3A1E84A5}.Release|Any CPU.ActiveCfg = Release|Any CPU
		{81671599-38C2-4CD0-AA04-18CF3A1E84A5}.Release|Any CPU.Build.0 = Release|Any CPU
	EndGlobalSection
	GlobalSection(SolutionProperties) = preSolution
		HideSolutionNode = FALSE
	EndGlobalSection
	GlobalSection(ExtensibilityGlobals) = postSolution
		SolutionGuid = {8EF26698-DCCA-4793-A3F3-94067C8E3582}
	EndGlobalSection
EndGlobal
