
Microsoft Visual Studio Solution File, Format Version 12.00
# Visual Studio Version 17
VisualStudioVersion = 17.11.35222.181
MinimumVisualStudioVersion = 10.0.40219.1
Project("{FAE04EC0-301F-11D3-BF4B-00C04F79EFBC}") = "LAB3", "LAB3\LAB3.csproj", "{F7EF999D-4883-49D4-B353-CD9C4D013B1B}"
EndProject
Global
	GlobalSection(SolutionConfigurationPlatforms) = preSolution
		Debug|Any CPU = Debug|Any CPU
		Release|Any CPU = Release|Any CPU
	EndGlobalSection
	GlobalSection(ProjectConfigurationPlatforms) = postSolution
		{F7EF999D-4883-49D4-B353-CD9C4D013B1B}.Debug|Any CPU.ActiveCfg = Debug|Any CPU
		{F7EF999D-4883-49D4-B353-CD9C4D013B1B}.Debug|Any CPU.Build.0 = Debug|Any CPU
		{F7EF999D-4883-49D4-B353-CD9C4D013B1B}.Release|Any CPU.ActiveCfg = Release|Any CPU
		{F7EF999D-4883-49D4-B353-CD9C4D013B1B}.Release|Any CPU.Build.0 = Release|Any CPU
	EndGlobalSection
	GlobalSection(SolutionProperties) = preSolution
		HideSolutionNode = FALSE
	EndGlobalSection
	GlobalSection(ExtensibilityGlobals) = postSolution
		SolutionGuid = {64418853-01D0-42F9-BF84-2F6B7BC6C2F9}
	EndGlobalSection
EndGlobal
